
Microsoft Visual Studio Solution File, Format Version 12.00
# Visual Studio 14
VisualStudioVersion = 14.0.24720.0
MinimumVisualStudioVersion = 10.0.40219.1
Project("{888888A0-9F3D-457C-B088-3A5042F75D52}") = "module4WrokingWithNumbers", "module4WrokingWithNumbers\module4WrokingWithNumbers.pyproj", "{539A35CE-2C17-470A-9FCF-47230F290C8E}"
EndProject
Global
	GlobalSection(SolutionConfigurationPlatforms) = preSolution
		Debug|Any CPU = Debug|Any CPU
		Release|Any CPU = Release|Any CPU
	EndGlobalSection
	GlobalSection(ProjectConfigurationPlatforms) = postSolution
		{539A35CE-2C17-470A-9FCF-47230F290C8E}.Debug|Any CPU.ActiveCfg = Debug|Any CPU
		{539A35CE-2C17-470A-9FCF-47230F290C8E}.Release|Any CPU.ActiveCfg = Release|Any CPU
	EndGlobalSection
	GlobalSection(SolutionProperties) = preSolution
		HideSolutionNode = FALSE
	EndGlobalSection
EndGlobal
